{
  "name": "ts-life",
  "version": "1.0.0",
  "lockfileVersion": 3,
  "requires": true,
  "packages": {
    "": {
      "name": "ts-life",
      "version": "1.0.0",
      "dependencies": {
        "blessed": "^0.1.81"
      },
      "devDependencies": {
        "@types/blessed": "^0.1.25",
        "@types/mocha": "^10.0.6",
        "typescript": "^5.4.5"
      }
    },
    "node_modules/@types/blessed": {
      "version": "0.1.25",
      "resolved": "https://registry.npmjs.org/@types/blessed/-/blessed-0.1.25.tgz",
      "integrity": "sha512-kQsjBgtsbJLmG6CJA+Z6Nujj+tq1fcSE3UIowbDvzQI4wWmoTV7djUDhSo5lDjgwpIN0oRvks0SA5mMdKE5eFg==",
      "dev": true,
      "dependencies": {
        "@types/node": "*"
      }
    },
    "node_modules/@types/mocha": {
      "version": "10.0.6",
      "resolved": "https://registry.npmjs.org/@types/mocha/-/mocha-10.0.6.tgz",
      "integrity": "sha512-dJvrYWxP/UcXm36Qn36fxhUKu8A/xMRXVT2cliFF1Z7UA9liG5Psj3ezNSZw+5puH2czDXRLcXQxf8JbJt0ejg==",
      "dev": true
    },
    "node_modules/@types/node": {
      "version": "20.12.7",
      "resolved": "https://registry.npmjs.org/@types/node/-/node-20.12.7.tgz",
      "integrity": "sha512-wq0cICSkRLVaf3UGLMGItu/PtdY7oaXaI/RVU+xliKVOtRna3PRY57ZDfztpDL0n11vfymMUnXv8QwYCO7L1wg==",
      "dev": true,
      "dependencies": {
        "undici-types": "~5.26.4"
      }
    },
    "node_modules/blessed": {
      "version": "0.1.81",
      "resolved": "https://registry.npmjs.org/blessed/-/blessed-0.1.81.tgz",
      "integrity": "sha512-LoF5gae+hlmfORcG1M5+5XZi4LBmvlXTzwJWzUlPryN/SJdSflZvROM2TwkT0GMpq7oqT48NRd4GS7BiVBc5OQ==",
      "bin": {
        "blessed": "bin/tput.js"
      },
      "engines": {
        "node": ">= 0.8.0"
      }
    },
    "node_modules/typescript": {
      "version": "5.4.5",
      "resolved": "https://registry.npmjs.org/typescript/-/typescript-5.4.5.tgz",
      "integrity": "sha512-vcI4UpRgg81oIRUFwR0WSIHKt11nJ7SAVlYNIu+QpqeyXP+gpQJy/Z4+F0aGxSE4MqwjyXvW/TzgkLAx2AGHwQ==",
      "dev": true,
      "bin": {
        "tsc": "bin/tsc",
        "tsserver": "bin/tsserver"
      },
      "engines": {
        "node": ">=14.17"
      }
    },
    "node_modules/undici-types": {
      "version": "5.26.5",
      "resolved": "https://registry.npmjs.org/undici-types/-/undici-types-5.26.5.tgz",
      "integrity": "sha512-JlCMO+ehdEIKqlFxk6IfVoAUVmgz7cU7zD/h9XZ0qzeosSHmUJVOzSQvvYSYWXkFXC+IfLKSIffhv0sVZup6pA==",
      "dev": true
    }
  }
}
